
Microsoft Visual Studio Solution File, Format Version 12.00
# Visual Studio 15
VisualStudioVersion = 15.0.27004.2010
MinimumVisualStudioVersion = 10.0.40219.1
Project("{FAE04EC0-301F-11D3-BF4B-00C04F79EFBC}") = "TagCloudBuilder.Tests", "TagCloud.Tests\TagCloudBuilder.Tests.csproj", "{EFE826DC-6A05-460C-BFA1-2A85B1F50FED}"
EndProject
Project("{FAE04EC0-301F-11D3-BF4B-00C04F79EFBC}") = "TagCloudBuilder", "TagCloudBuilder\TagCloudBuilder.csproj", "{2BB78274-72BE-4647-8E3A-574AAAD14D67}"
EndProject
Project("{FAE04EC0-301F-11D3-BF4B-00C04F79EFBC}") = "TagCloudBuilder.App", "TagCloudBuilder.App\TagCloudBuilder.App.csproj", "{CAC4E2DB-9B64-43C5-8ACF-B3A7F8E6A70C}"
EndProject
Global
	GlobalSection(SolutionConfigurationPlatforms) = preSolution
		Debug|Any CPU = Debug|Any CPU
		Release|Any CPU = Release|Any CPU
	EndGlobalSection
	GlobalSection(ProjectConfigurationPlatforms) = postSolution
		{EFE826DC-6A05-460C-BFA1-2A85B1F50FED}.Debug|Any CPU.ActiveCfg = Debug|Any CPU
		{EFE826DC-6A05-460C-BFA1-2A85B1F50FED}.Debug|Any CPU.Build.0 = Debug|Any CPU
		{EFE826DC-6A05-460C-BFA1-2A85B1F50FED}.Release|Any CPU.ActiveCfg = Release|Any CPU
		{EFE826DC-6A05-460C-BFA1-2A85B1F50FED}.Release|Any CPU.Build.0 = Release|Any CPU
		{2BB78274-72BE-4647-8E3A-574AAAD14D67}.Debug|Any CPU.ActiveCfg = Debug|Any CPU
		{2BB78274-72BE-4647-8E3A-574AAAD14D67}.Debug|Any CPU.Build.0 = Debug|Any CPU
		{2BB78274-72BE-4647-8E3A-574AAAD14D67}.Release|Any CPU.ActiveCfg = Release|Any CPU
		{2BB78274-72BE-4647-8E3A-574AAAD14D67}.Release|Any CPU.Build.0 = Release|Any CPU
		{CAC4E2DB-9B64-43C5-8ACF-B3A7F8E6A70C}.Debug|Any CPU.ActiveCfg = Debug|Any CPU
		{CAC4E2DB-9B64-43C5-8ACF-B3A7F8E6A70C}.Debug|Any CPU.Build.0 = Debug|Any CPU
		{CAC4E2DB-9B64-43C5-8ACF-B3A7F8E6A70C}.Release|Any CPU.ActiveCfg = Release|Any CPU
		{CAC4E2DB-9B64-43C5-8ACF-B3A7F8E6A70C}.Release|Any CPU.Build.0 = Release|Any CPU
	EndGlobalSection
	GlobalSection(SolutionProperties) = preSolution
		HideSolutionNode = FALSE
	EndGlobalSection
	GlobalSection(ExtensibilityGlobals) = postSolution
		SolutionGuid = {A073B755-9B07-4D00-81DD-EEBB268B905E}
	EndGlobalSection
EndGlobal
